
Microsoft Visual Studio Solution File, Format Version 12.00
# Visual Studio 14
VisualStudioVersion = 14.0.22310.1
MinimumVisualStudioVersion = 10.0.40219.1
Project("{FAE04EC0-301F-11D3-BF4B-00C04F79EFBC}") = "AppointmentReminder1", "AppointmentReminder1\AppointmentReminder1.csproj", "{02A16B75-3D25-4A9F-915E-58C2E0417A6D}"
EndProject
Project("{2150E333-8FDC-42A3-9474-1A3956D46DE8}") = "PublishScripts", "PublishScripts", "{37FB8A3F-8027-4442-B638-F268295C9989}"
	ProjectSection(SolutionItems) = preProject
		PublishScripts\AzureWebsitePublishModule.psm1 = PublishScripts\AzureWebsitePublishModule.psm1
		PublishScripts\Publish-WebApplicationWebsite.ps1 = PublishScripts\Publish-WebApplicationWebsite.ps1
	EndProjectSection
EndProject
Project("{2150E333-8FDC-42A3-9474-1A3956D46DE8}") = "Configurations", "Configurations", "{C697A8E4-59CC-40C5-9E2F-DAB58F530252}"
	ProjectSection(SolutionItems) = preProject
		PublishScripts\Configurations\AppointmentReminder1-WAWS-dev.json = PublishScripts\Configurations\AppointmentReminder1-WAWS-dev.json
	EndProjectSection
EndProject
Global
	GlobalSection(SolutionConfigurationPlatforms) = preSolution
		Debug|Any CPU = Debug|Any CPU
		Release|Any CPU = Release|Any CPU
	EndGlobalSection
	GlobalSection(ProjectConfigurationPlatforms) = postSolution
		{02A16B75-3D25-4A9F-915E-58C2E0417A6D}.Debug|Any CPU.ActiveCfg = Debug|Any CPU
		{02A16B75-3D25-4A9F-915E-58C2E0417A6D}.Debug|Any CPU.Build.0 = Debug|Any CPU
		{02A16B75-3D25-4A9F-915E-58C2E0417A6D}.Release|Any CPU.ActiveCfg = Release|Any CPU
		{02A16B75-3D25-4A9F-915E-58C2E0417A6D}.Release|Any CPU.Build.0 = Release|Any CPU
	EndGlobalSection
	GlobalSection(SolutionProperties) = preSolution
		HideSolutionNode = FALSE
	EndGlobalSection
	GlobalSection(NestedProjects) = preSolution
		{C697A8E4-59CC-40C5-9E2F-DAB58F530252} = {37FB8A3F-8027-4442-B638-F268295C9989}
	EndGlobalSection
EndGlobal
